// !$*UTF8*$!
{
	archiveVersion = 1;
	classes = {
	};
	objectVersion = 46;
	objects = {

/* Begin PBXBuildFile section */
		ECE341A31CE9724E00487268 /* main.m in Sources */ = {isa = PBXBuildFile; fileRef = ECE341A21CE9724E00487268 /* main.m */; };
		ECE341A61CE9724E00487268 /* AppDelegate.m in Sources */ = {isa = PBXBuildFile; fileRef = ECE341A51CE9724E00487268 /* AppDelegate.m */; };
		ECE341A91CE9724E00487268 /* ViewController.m in Sources */ = {isa = PBXBuildFile; fileRef = ECE341A81CE9724E00487268 /* ViewController.m */; };
		ECE341AC1CE9724E00487268 /* Main.storyboard in Resources */ = {isa = PBXBuildFile; fileRef = ECE341AA1CE9724E00487268 /* Main.storyboard */; };
		ECE341AE1CE9724E00487268 /* Assets.xcassets in Resources */ = {isa = PBXBuildFile; fileRef = ECE341AD1CE9724E00487268 /* Assets.xcassets */; };
		ECE341B11CE9724E00487268 /* LaunchScreen.storyboard in Resources */ = {isa = PBXBuildFile; fileRef = ECE341AF1CE9724E00487268 /* LaunchScreen.storyboard */; };
		ECE341BC1CE9724E00487268 /* JYTableViewControllerTests.m in Sources */ = {isa = PBXBuildFile; fileRef = ECE341BB1CE9724E00487268 /* JYTableViewControllerTests.m */; };
		ECE341C71CE9724E00487268 /* JYTableViewControllerUITests.m in Sources */ = {isa = PBXBuildFile; fileRef = ECE341C61CE9724E00487268 /* JYTableViewControllerUITests.m */; };
		ECE3425F1CE97EAF00487268 /* LICENSE in Resources */ = {isa = PBXBuildFile; fileRef = ECE342291CE97EAF00487268 /* LICENSE */; };
		ECE342601CE97EAF00487268 /* MJRefreshAutoFooter.m in Sources */ = {isa = PBXBuildFile; fileRef = ECE3422D1CE97EAF00487268 /* MJRefreshAutoFooter.m */; };
		ECE342611CE97EAF00487268 /* MJRefreshBackFooter.m in Sources */ = {isa = PBXBuildFile; fileRef = ECE3422F1CE97EAF00487268 /* MJRefreshBackFooter.m */; };
		ECE342621CE97EAF00487268 /* MJRefreshComponent.m in Sources */ = {isa = PBXBuildFile; fileRef = ECE342311CE97EAF00487268 /* MJRefreshComponent.m */; };
		ECE342631CE97EAF00487268 /* MJRefreshFooter.m in Sources */ = {isa = PBXBuildFile; fileRef = ECE342331CE97EAF00487268 /* MJRefreshFooter.m */; };
		ECE342641CE97EAF00487268 /* MJRefreshHeader.m in Sources */ = {isa = PBXBuildFile; fileRef = ECE342351CE97EAF00487268 /* MJRefreshHeader.m */; };
		ECE342651CE97EAF00487268 /* MJRefreshAutoGifFooter.m in Sources */ = {isa = PBXBuildFile; fileRef = ECE3423A1CE97EAF00487268 /* MJRefreshAutoGifFooter.m */; };
		ECE342661CE97EAF00487268 /* MJRefreshAutoNormalFooter.m in Sources */ = {isa = PBXBuildFile; fileRef = ECE3423C1CE97EAF00487268 /* MJRefreshAutoNormalFooter.m */; };
		ECE342671CE97EAF00487268 /* MJRefreshAutoStateFooter.m in Sources */ = {isa = PBXBuildFile; fileRef = ECE3423E1CE97EAF00487268 /* MJRefreshAutoStateFooter.m */; };
		ECE342681CE97EAF00487268 /* MJRefreshBackGifFooter.m in Sources */ = {isa = PBXBuildFile; fileRef = ECE342411CE97EAF00487268 /* MJRefreshBackGifFooter.m */; };
		ECE342691CE97EAF00487268 /* MJRefreshBackNormalFooter.m in Sources */ = {isa = PBXBuildFile; fileRef = ECE342431CE97EAF00487268 /* MJRefreshBackNormalFooter.m */; };
		ECE3426A1CE97EAF00487268 /* MJRefreshBackStateFooter.m in Sources */ = {isa = PBXBuildFile; fileRef = ECE342451CE97EAF00487268 /* MJRefreshBackStateFooter.m */; };
		ECE3426B1CE97EAF00487268 /* MJRefreshGifHeader.m in Sources */ = {isa = PBXBuildFile; fileRef = ECE342481CE97EAF00487268 /* MJRefreshGifHeader.m */; };
		ECE3426C1CE97EAF00487268 /* MJRefreshNormalHeader.m in Sources */ = {isa = PBXBuildFile; fileRef = ECE3424A1CE97EAF00487268 /* MJRefreshNormalHeader.m */; };
		ECE3426D1CE97EAF00487268 /* MJRefreshStateHeader.m in Sources */ = {isa = PBXBuildFile; fileRef = ECE3424C1CE97EAF00487268 /* MJRefreshStateHeader.m */; };
		ECE3426E1CE97EAF00487268 /* MJRefresh.bundle in Resources */ = {isa = PBXBuildFile; fileRef = ECE3424D1CE97EAF00487268 /* MJRefresh.bundle */; };
		ECE3426F1CE97EAF00487268 /* MJRefreshConst.m in Sources */ = {isa = PBXBuildFile; fileRef = ECE342501CE97EAF00487268 /* MJRefreshConst.m */; };
		ECE342701CE97EAF00487268 /* UIScrollView+MJExtension.m in Sources */ = {isa = PBXBuildFile; fileRef = ECE342521CE97EAF00487268 /* UIScrollView+MJExtension.m */; };
		ECE342711CE97EAF00487268 /* UIScrollView+MJRefresh.m in Sources */ = {isa = PBXBuildFile; fileRef = ECE342541CE97EAF00487268 /* UIScrollView+MJRefresh.m */; };
		ECE342721CE97EAF00487268 /* UIView+MJExtension.m in Sources */ = {isa = PBXBuildFile; fileRef = ECE342561CE97EAF00487268 /* UIView+MJExtension.m */; };
		ECE342731CE97EAF00487268 /* README.md in Sources */ = {isa = PBXBuildFile; fileRef = ECE342571CE97EAF00487268 /* README.md */; };
		ECE342741CE97EAF00487268 /* JYTableViewDelegate.m in Sources */ = {isa = PBXBuildFile; fileRef = ECE3425A1CE97EAF00487268 /* JYTableViewDelegate.m */; };
		ECE342751CE97EAF00487268 /* UIScrollView+EmptyDataSet.m in Sources */ = {isa = PBXBuildFile; fileRef = ECE3425C1CE97EAF00487268 /* UIScrollView+EmptyDataSet.m */; };
		ECE342761CE97EAF00487268 /* UITableView+FDTemplateLayoutCell.m in Sources */ = {isa = PBXBuildFile; fileRef = ECE3425E1CE97EAF00487268 /* UITableView+FDTemplateLayoutCell.m */; };
		ECE342791CE97EC900487268 /* JYBaseTableViewController.m in Sources */ = {isa = PBXBuildFile; fileRef = ECE342781CE97EC900487268 /* JYBaseTableViewController.m */; };
/* End PBXBuildFile section */

/* Begin PBXContainerItemProxy section */
		ECE341B81CE9724E00487268 /* PBXContainerItemProxy */ = {
			isa = PBXContainerItemProxy;
			containerPortal = ECE341961CE9724E00487268 /* Project object */;
			proxyType = 1;
			remoteGlobalIDString = ECE3419D1CE9724E00487268;
			remoteInfo = JYTableViewController;
		};
		ECE341C31CE9724E00487268 /* PBXContainerItemProxy */ = {
			isa = PBXContainerItemProxy;
			containerPortal = ECE341961CE9724E00487268 /* Project object */;
			proxyType = 1;
			remoteGlobalIDString = ECE3419D1CE9724E00487268;
			remoteInfo = JYTableViewController;
		};
/* End PBXContainerItemProxy section */

/* Begin PBXFileReference section */
		ECE3419E1CE9724E00487268 /* JYTableViewController.app */ = {isa = PBXFileReference; explicitFileType = wrapper.application; includeInIndex = 0; path = JYTableViewController.app; sourceTree = BUILT_PRODUCTS_DIR; };
		ECE341A21CE9724E00487268 /* main.m */ = {isa = PBXFileReference; lastKnownFileType = sourcecode.c.objc; path = main.m; sourceTree = "<group>"; };
		ECE341A41CE9724E00487268 /* AppDelegate.h */ = {isa = PBXFileReference; lastKnownFileType = sourcecode.c.h; path = AppDelegate.h; sourceTree = "<group>"; };
		ECE341A51CE9724E00487268 /* AppDelegate.m */ = {isa = PBXFileReference; lastKnownFileType = sourcecode.c.objc; path = AppDelegate.m; sourceTree = "<group>"; };
		ECE341A71CE9724E00487268 /* ViewController.h */ = {isa = PBXFileReference; lastKnownFileType = sourcecode.c.h; path = ViewController.h; sourceTree = "<group>"; };
		ECE341A81CE9724E00487268 /* ViewController.m */ = {isa = PBXFileReference; lastKnownFileType = sourcecode.c.objc; path = ViewController.m; sourceTree = "<group>"; };
		ECE341AB1CE9724E00487268 /* Base */ = {isa = PBXFileReference; lastKnownFileType = file.storyboard; name = Base; path = Base.lproj/Main.storyboard; sourceTree = "<group>"; };
		ECE341AD1CE9724E00487268 /* Assets.xcassets */ = {isa = PBXFileReference; lastKnownFileType = folder.assetcatalog; path = Assets.xcassets; sourceTree = "<group>"; };
		ECE341B01CE9724E00487268 /* Base */ = {isa = PBXFileReference; lastKnownFileType = file.storyboard; name = Base; path = Base.lproj/LaunchScreen.storyboard; sourceTree = "<group>"; };
		ECE341B21CE9724E00487268 /* Info.plist */ = {isa = PBXFileReference; lastKnownFileType = text.plist.xml; path = Info.plist; sourceTree = "<group>"; };
		ECE341B71CE9724E00487268 /* JYTableViewControllerTests.xctest */ = {isa = PBXFileReference; explicitFileType = wrapper.cfbundle; includeInIndex = 0; path = JYTableViewControllerTests.xctest; sourceTree = BUILT_PRODUCTS_DIR; };
		ECE341BB1CE9724E00487268 /* JYTableViewControllerTests.m */ = {isa = PBXFileReference; lastKnownFileType = sourcecode.c.objc; path = JYTableViewControllerTests.m; sourceTree = "<group>"; };
		ECE341BD1CE9724E00487268 /* Info.plist */ = {isa = PBXFileReference; lastKnownFileType = text.plist.xml; path = Info.plist; sourceTree = "<group>"; };
		ECE341C21CE9724E00487268 /* JYTableViewControllerUITests.xctest */ = {isa = PBXFileReference; explicitFileType = wrapper.cfbundle; includeInIndex = 0; path = JYTableViewControllerUITests.xctest; sourceTree = BUILT_PRODUCTS_DIR; };
		ECE341C61CE9724E00487268 /* JYTableViewControllerUITests.m */ = {isa = PBXFileReference; lastKnownFileType = sourcecode.c.objc; path = JYTableViewControllerUITests.m; sourceTree = "<group>"; };
		ECE341C81CE9724E00487268 /* Info.plist */ = {isa = PBXFileReference; lastKnownFileType = text.plist.xml; path = Info.plist; sourceTree = "<group>"; };
		ECE342291CE97EAF00487268 /* LICENSE */ = {isa = PBXFileReference; fileEncoding = 4; lastKnownFileType = text; path = LICENSE; sourceTree = "<group>"; };
		ECE3422C1CE97EAF00487268 /* MJRefreshAutoFooter.h */ = {isa = PBXFileReference; fileEncoding = 4; lastKnownFileType = sourcecode.c.h; path = MJRefreshAutoFooter.h; sourceTree = "<group>"; };
		ECE3422D1CE97EAF00487268 /* MJRefreshAutoFooter.m */ = {isa = PBXFileReference; fileEncoding = 4; lastKnownFileType = sourcecode.c.objc; path = MJRefreshAutoFooter.m; sourceTree = "<group>"; };
		ECE3422E1CE97EAF00487268 /* MJRefreshBackFooter.h */ = {isa = PBXFileReference; fileEncoding = 4; lastKnownFileType = sourcecode.c.h; path = MJRefreshBackFooter.h; sourceTree = "<group>"; };
		ECE3422F1CE97EAF00487268 /* MJRefreshBackFooter.m */ = {isa = PBXFileReference; fileEncoding = 4; lastKnownFileType = sourcecode.c.objc; path = MJRefreshBackFooter.m; sourceTree = "<group>"; };
		ECE342301CE97EAF00487268 /* MJRefreshComponent.h */ = {isa = PBXFileReference; fileEncoding = 4; lastKnownFileType = sourcecode.c.h; path = MJRefreshComponent.h; sourceTree = "<group>"; };
		ECE342311CE97EAF00487268 /* MJRefreshComponent.m */ = {isa = PBXFileReference; fileEncoding = 4; lastKnownFileType = sourcecode.c.objc; path = MJRefreshComponent.m; sourceTree = "<group>"; };
		ECE342321CE97EAF00487268 /* MJRefreshFooter.h */ = {isa = PBXFileReference; fileEncoding = 4; lastKnownFileType = sourcecode.c.h; path = MJRefreshFooter.h; sourceTree = "<group>"; };
		ECE342331CE97EAF00487268 /* MJRefreshFooter.m */ = {isa = PBXFileReference; fileEncoding = 4; lastKnownFileType = sourcecode.c.objc; path = MJRefreshFooter.m; sourceTree = "<group>"; };
		ECE342341CE97EAF00487268 /* MJRefreshHeader.h */ = {isa = PBXFileReference; fileEncoding = 4; lastKnownFileType = sourcecode.c.h; path = MJRefreshHeader.h; sourceTree = "<group>"; };
		ECE342351CE97EAF00487268 /* MJRefreshHeader.m */ = {isa = PBXFileReference; fileEncoding = 4; lastKnownFileType = sourcecode.c.objc; path = MJRefreshHeader.m; sourceTree = "<group>"; };
		ECE342391CE97EAF00487268 /* MJRefreshAutoGifFooter.h */ = {isa = PBXFileReference; fileEncoding = 4; lastKnownFileType = sourcecode.c.h; path = MJRefreshAutoGifFooter.h; sourceTree = "<group>"; };
		ECE3423A1CE97EAF00487268 /* MJRefreshAutoGifFooter.m */ = {isa = PBXFileReference; fileEncoding = 4; lastKnownFileType = sourcecode.c.objc; path = MJRefreshAutoGifFooter.m; sourceTree = "<group>"; };
		ECE3423B1CE97EAF00487268 /* MJRefreshAutoNormalFooter.h */ = {isa = PBXFileReference; fileEncoding = 4; lastKnownFileType = sourcecode.c.h; path = MJRefreshAutoNormalFooter.h; sourceTree = "<group>"; };
		ECE3423C1CE97EAF00487268 /* MJRefreshAutoNormalFooter.m */ = {isa = PBXFileReference; fileEncoding = 4; lastKnownFileType = sourcecode.c.objc; path = MJRefreshAutoNormalFooter.m; sourceTree = "<group>"; };
		ECE3423D1CE97EAF00487268 /* MJRefreshAutoStateFooter.h */ = {isa = PBXFileReference; fileEncoding = 4; lastKnownFileType = sourcecode.c.h; path = MJRefreshAutoStateFooter.h; sourceTree = "<group>"; };
		ECE3423E1CE97EAF00487268 /* MJRefreshAutoStateFooter.m */ = {isa = PBXFileReference; fileEncoding = 4; lastKnownFileType = sourcecode.c.objc; path = MJRefreshAutoStateFooter.m; sourceTree = "<group>"; };
		ECE342401CE97EAF00487268 /* MJRefreshBackGifFooter.h */ = {isa = PBXFileReference; fileEncoding = 4; lastKnownFileType = sourcecode.c.h; path = MJRefreshBackGifFooter.h; sourceTree = "<group>"; };
		ECE342411CE97EAF00487268 /* MJRefreshBackGifFooter.m */ = {isa = PBXFileReference; fileEncoding = 4; lastKnownFileType = sourcecode.c.objc; path = MJRefreshBackGifFooter.m; sourceTree = "<group>"; };
		ECE342421CE97EAF00487268 /* MJRefreshBackNormalFooter.h */ = {isa = PBXFileReference; fileEncoding = 4; lastKnownFileType = sourcecode.c.h; path = MJRefreshBackNormalFooter.h; sourceTree = "<group>"; };
		ECE342431CE97EAF00487268 /* MJRefreshBackNormalFooter.m */ = {isa = PBXFileReference; fileEncoding = 4; lastKnownFileType = sourcecode.c.objc; path = MJRefreshBackNormalFooter.m; sourceTree = "<group>"; };
		ECE342441CE97EAF00487268 /* MJRefreshBackStateFooter.h */ = {isa = PBXFileReference; fileEncoding = 4; lastKnownFileType = sourcecode.c.h; path = MJRefreshBackStateFooter.h; sourceTree = "<group>"; };
		ECE342451CE97EAF00487268 /* MJRefreshBackStateFooter.m */ = {isa = PBXFileReference; fileEncoding = 4; lastKnownFileType = sourcecode.c.objc; path = MJRefreshBackStateFooter.m; sourceTree = "<group>"; };
		ECE342471CE97EAF00487268 /* MJRefreshGifHeader.h */ = {isa = PBXFileReference; fileEncoding = 4; lastKnownFileType = sourcecode.c.h; path = MJRefreshGifHeader.h; sourceTree = "<group>"; };
		ECE342481CE97EAF00487268 /* MJRefreshGifHeader.m */ = {isa = PBXFileReference; fileEncoding = 4; lastKnownFileType = sourcecode.c.objc; path = MJRefreshGifHeader.m; sourceTree = "<group>"; };
		ECE342491CE97EAF00487268 /* MJRefreshNormalHeader.h */ = {isa = PBXFileReference; fileEncoding = 4; lastKnownFileType = sourcecode.c.h; path = MJRefreshNormalHeader.h; sourceTree = "<group>"; };
		ECE3424A1CE97EAF00487268 /* MJRefreshNormalHeader.m */ = {isa = PBXFileReference; fileEncoding = 4; lastKnownFileType = sourcecode.c.objc; path = MJRefreshNormalHeader.m; sourceTree = "<group>"; };
		ECE3424B1CE97EAF00487268 /* MJRefreshStateHeader.h */ = {isa = PBXFileReference; fileEncoding = 4; lastKnownFileType = sourcecode.c.h; path = MJRefreshStateHeader.h; sourceTree = "<group>"; };
		ECE3424C1CE97EAF00487268 /* MJRefreshStateHeader.m */ = {isa = PBXFileReference; fileEncoding = 4; lastKnownFileType = sourcecode.c.objc; path = MJRefreshStateHeader.m; sourceTree = "<group>"; };
		ECE3424D1CE97EAF00487268 /* MJRefresh.bundle */ = {isa = PBXFileReference; lastKnownFileType = "wrapper.plug-in"; path = MJRefresh.bundle; sourceTree = "<group>"; };
		ECE3424E1CE97EAF00487268 /* MJRefresh.h */ = {isa = PBXFileReference; fileEncoding = 4; lastKnownFileType = sourcecode.c.h; path = MJRefresh.h; sourceTree = "<group>"; };
		ECE3424F1CE97EAF00487268 /* MJRefreshConst.h */ = {isa = PBXFileReference; fileEncoding = 4; lastKnownFileType = sourcecode.c.h; path = MJRefreshConst.h; sourceTree = "<group>"; };
		ECE342501CE97EAF00487268 /* MJRefreshConst.m */ = {isa = PBXFileReference; fileEncoding = 4; lastKnownFileType = sourcecode.c.objc; path = MJRefreshConst.m; sourceTree = "<group>"; };
		ECE342511CE97EAF00487268 /* UIScrollView+MJExtension.h */ = {isa = PBXFileReference; fileEncoding = 4; lastKnownFileType = sourcecode.c.h; path = "UIScrollView+MJExtension.h"; sourceTree = "<group>"; };
		ECE342521CE97EAF00487268 /* UIScrollView+MJExtension.m */ = {isa = PBXFileReference; fileEncoding = 4; lastKnownFileType = sourcecode.c.objc; path = "UIScrollView+MJExtension.m"; sourceTree = "<group>"; };
		ECE342531CE97EAF00487268 /* UIScrollView+MJRefresh.h */ = {isa = PBXFileReference; fileEncoding = 4; lastKnownFileType = sourcecode.c.h; path = "UIScrollView+MJRefresh.h"; sourceTree = "<group>"; };
		ECE342541CE97EAF00487268 /* UIScrollView+MJRefresh.m */ = {isa = PBXFileReference; fileEncoding = 4; lastKnownFileType = sourcecode.c.objc; path = "UIScrollView+MJRefresh.m"; sourceTree = "<group>"; };
		ECE342551CE97EAF00487268 /* UIView+MJExtension.h */ = {isa = PBXFileReference; fileEncoding = 4; lastKnownFileType = sourcecode.c.h; path = "UIView+MJExtension.h"; sourceTree = "<group>"; };
		ECE342561CE97EAF00487268 /* UIView+MJExtension.m */ = {isa = PBXFileReference; fileEncoding = 4; lastKnownFileType = sourcecode.c.objc; path = "UIView+MJExtension.m"; sourceTree = "<group>"; };
		ECE342571CE97EAF00487268 /* README.md */ = {isa = PBXFileReference; fileEncoding = 4; lastKnownFileType = net.daringfireball.markdown; path = README.md; sourceTree = "<group>"; };
		ECE342591CE97EAF00487268 /* JYTableViewDelegate.h */ = {isa = PBXFileReference; fileEncoding = 4; lastKnownFileType = sourcecode.c.h; path = JYTableViewDelegate.h; sourceTree = "<group>"; };
		ECE3425A1CE97EAF00487268 /* JYTableViewDelegate.m */ = {isa = PBXFileReference; fileEncoding = 4; lastKnownFileType = sourcecode.c.objc; path = JYTableViewDelegate.m; sourceTree = "<group>"; };
		ECE3425B1CE97EAF00487268 /* UIScrollView+EmptyDataSet.h */ = {isa = PBXFileReference; fileEncoding = 4; lastKnownFileType = sourcecode.c.h; path = "UIScrollView+EmptyDataSet.h"; sourceTree = "<group>"; };
		ECE3425C1CE97EAF00487268 /* UIScrollView+EmptyDataSet.m */ = {isa = PBXFileReference; fileEncoding = 4; lastKnownFileType = sourcecode.c.objc; path = "UIScrollView+EmptyDataSet.m"; sourceTree = "<group>"; };
		ECE3425D1CE97EAF00487268 /* UITableView+FDTemplateLayoutCell.h */ = {isa = PBXFileReference; fileEncoding = 4; lastKnownFileType = sourcecode.c.h; path = "UITableView+FDTemplateLayoutCell.h"; sourceTree = "<group>"; };
		ECE3425E1CE97EAF00487268 /* UITableView+FDTemplateLayoutCell.m */ = {isa = PBXFileReference; fileEncoding = 4; lastKnownFileType = sourcecode.c.objc; path = "UITableView+FDTemplateLayoutCell.m"; sourceTree = "<group>"; };
		ECE342771CE97EC900487268 /* JYBaseTableViewController.h */ = {isa = PBXFileReference; fileEncoding = 4; lastKnownFileType = sourcecode.c.h; path = JYBaseTableViewController.h; sourceTree = "<group>"; };
		ECE342781CE97EC900487268 /* JYBaseTableViewController.m */ = {isa = PBXFileReference; fileEncoding = 4; lastKnownFileType = sourcecode.c.objc; path = JYBaseTableViewController.m; sourceTree = "<group>"; };
/* End PBXFileReference section */

/* Begin PBXFrameworksBuildPhase section */
		ECE3419B1CE9724E00487268 /* Frameworks */ = {
			isa = PBXFrameworksBuildPhase;
			buildActionMask = 2147483647;
			files = (
			);
			runOnlyForDeploymentPostprocessing = 0;
		};
		ECE341B41CE9724E00487268 /* Frameworks */ = {
			isa = PBXFrameworksBuildPhase;
			buildActionMask = 2147483647;
			files = (
			);
			runOnlyForDeploymentPostprocessing = 0;
		};
		ECE341BF1CE9724E00487268 /* Frameworks */ = {
			isa = PBXFrameworksBuildPhase;
			buildActionMask = 2147483647;
			files = (
			);
			runOnlyForDeploymentPostprocessing = 0;
		};
/* End PBXFrameworksBuildPhase section */

/* Begin PBXGroup section */
		ECE341951CE9724E00487268 = {
			isa = PBXGroup;
			children = (
				ECE341A01CE9724E00487268 /* JYTableViewController */,
				ECE341BA1CE9724E00487268 /* JYTableViewControllerTests */,
				ECE341C51CE9724E00487268 /* JYTableViewControllerUITests */,
				ECE3419F1CE9724E00487268 /* Products */,
			);
			sourceTree = "<group>";
		};
		ECE3419F1CE9724E00487268 /* Products */ = {
			isa = PBXGroup;
			children = (
				ECE3419E1CE9724E00487268 /* JYTableViewController.app */,
				ECE341B71CE9724E00487268 /* JYTableViewControllerTests.xctest */,
				ECE341C21CE9724E00487268 /* JYTableViewControllerUITests.xctest */,
			);
			name = Products;
			sourceTree = "<group>";
		};
		ECE341A01CE9724E00487268 /* JYTableViewController */ = {
			isa = PBXGroup;
			children = (
				ECE342271CE97EAF00487268 /* Base */,
				ECE341A41CE9724E00487268 /* AppDelegate.h */,
				ECE341A51CE9724E00487268 /* AppDelegate.m */,
				ECE341A71CE9724E00487268 /* ViewController.h */,
				ECE341A81CE9724E00487268 /* ViewController.m */,
				ECE341AA1CE9724E00487268 /* Main.storyboard */,
				ECE341AD1CE9724E00487268 /* Assets.xcassets */,
				ECE341AF1CE9724E00487268 /* LaunchScreen.storyboard */,
				ECE341B21CE9724E00487268 /* Info.plist */,
				ECE341A11CE9724E00487268 /* Supporting Files */,
			);
			path = JYTableViewController;
			sourceTree = "<group>";
		};
		ECE341A11CE9724E00487268 /* Supporting Files */ = {
			isa = PBXGroup;
			children = (
				ECE341A21CE9724E00487268 /* main.m */,
			);
			name = "Supporting Files";
			sourceTree = "<group>";
		};
		ECE341BA1CE9724E00487268 /* JYTableViewControllerTests */ = {
			isa = PBXGroup;
			children = (
				ECE341BB1CE9724E00487268 /* JYTableViewControllerTests.m */,
				ECE341BD1CE9724E00487268 /* Info.plist */,
			);
			path = JYTableViewControllerTests;
			sourceTree = "<group>";
		};
		ECE341C51CE9724E00487268 /* JYTableViewControllerUITests */ = {
			isa = PBXGroup;
			children = (
				ECE341C61CE9724E00487268 /* JYTableViewControllerUITests.m */,
				ECE341C81CE9724E00487268 /* Info.plist */,
			);
			path = JYTableViewControllerUITests;
			sourceTree = "<group>";
		};
		ECE342271CE97EAF00487268 /* Base */ = {
			isa = PBXGroup;
			children = (
				ECE342281CE97EAF00487268 /* MJRefresh */,
				ECE342581CE97EAF00487268 /* TableViewDelegate */,
				ECE342771CE97EC900487268 /* JYBaseTableViewController.h */,
				ECE342781CE97EC900487268 /* JYBaseTableViewController.m */,
			);
			path = Base;
			sourceTree = SOURCE_ROOT;
		};
		ECE342281CE97EAF00487268 /* MJRefresh */ = {
			isa = PBXGroup;
			children = (
				ECE342291CE97EAF00487268 /* LICENSE */,
				ECE3422A1CE97EAF00487268 /* MJRefresh */,
				ECE342571CE97EAF00487268 /* README.md */,
			);
			path = MJRefresh;
			sourceTree = "<group>";
		};
		ECE3422A1CE97EAF00487268 /* MJRefresh */ = {
			isa = PBXGroup;
			children = (
				ECE3422B1CE97EAF00487268 /* Base */,
				ECE342361CE97EAF00487268 /* Custom */,
				ECE3424D1CE97EAF00487268 /* MJRefresh.bundle */,
				ECE3424E1CE97EAF00487268 /* MJRefresh.h */,
				ECE3424F1CE97EAF00487268 /* MJRefreshConst.h */,
				ECE342501CE97EAF00487268 /* MJRefreshConst.m */,
				ECE342511CE97EAF00487268 /* UIScrollView+MJExtension.h */,
				ECE342521CE97EAF00487268 /* UIScrollView+MJExtension.m */,
				ECE342531CE97EAF00487268 /* UIScrollView+MJRefresh.h */,
				ECE342541CE97EAF00487268 /* UIScrollView+MJRefresh.m */,
				ECE342551CE97EAF00487268 /* UIView+MJExtension.h */,
				ECE342561CE97EAF00487268 /* UIView+MJExtension.m */,
			);
			path = MJRefresh;
			sourceTree = "<group>";
		};
		ECE3422B1CE97EAF00487268 /* Base */ = {
			isa = PBXGroup;
			children = (
				ECE3422C1CE97EAF00487268 /* MJRefreshAutoFooter.h */,
				ECE3422D1CE97EAF00487268 /* MJRefreshAutoFooter.m */,
				ECE3422E1CE97EAF00487268 /* MJRefreshBackFooter.h */,
				ECE3422F1CE97EAF00487268 /* MJRefreshBackFooter.m */,
				ECE342301CE97EAF00487268 /* MJRefreshComponent.h */,
				ECE342311CE97EAF00487268 /* MJRefreshComponent.m */,
				ECE342321CE97EAF00487268 /* MJRefreshFooter.h */,
				ECE342331CE97EAF00487268 /* MJRefreshFooter.m */,
				ECE342341CE97EAF00487268 /* MJRefreshHeader.h */,
				ECE342351CE97EAF00487268 /* MJRefreshHeader.m */,
			);
			path = Base;
			sourceTree = "<group>";
		};
		ECE342361CE97EAF00487268 /* Custom */ = {
			isa = PBXGroup;
			children = (
				ECE342371CE97EAF00487268 /* Footer */,
				ECE342461CE97EAF00487268 /* Header */,
			);
			path = Custom;
			sourceTree = "<group>";
		};
		ECE342371CE97EAF00487268 /* Footer */ = {
			isa = PBXGroup;
			children = (
				ECE342381CE97EAF00487268 /* Auto */,
				ECE3423F1CE97EAF00487268 /* Back */,
			);
			path = Footer;
			sourceTree = "<group>";
		};
		ECE342381CE97EAF00487268 /* Auto */ = {
			isa = PBXGroup;
			children = (
				ECE342391CE97EAF00487268 /* MJRefreshAutoGifFooter.h */,
				ECE3423A1CE97EAF00487268 /* MJRefreshAutoGifFooter.m */,
				ECE3423B1CE97EAF00487268 /* MJRefreshAutoNormalFooter.h */,
				ECE3423C1CE97EAF00487268 /* MJRefreshAutoNormalFooter.m */,
				ECE3423D1CE97EAF00487268 /* MJRefreshAutoStateFooter.h */,
				ECE3423E1CE97EAF00487268 /* MJRefreshAutoStateFooter.m */,
			);
			path = Auto;
			sourceTree = "<group>";
		};
		ECE3423F1CE97EAF00487268 /* Back */ = {
			isa = PBXGroup;
			children = (
				ECE342401CE97EAF00487268 /* MJRefreshBackGifFooter.h */,
				ECE342411CE97EAF00487268 /* MJRefreshBackGifFooter.m */,
				ECE342421CE97EAF00487268 /* MJRefreshBackNormalFooter.h */,
				ECE342431CE97EAF00487268 /* MJRefreshBackNormalFooter.m */,
				ECE342441CE97EAF00487268 /* MJRefreshBackStateFooter.h */,
				ECE342451CE97EAF00487268 /* MJRefreshBackStateFooter.m */,
			);
			path = Back;
			sourceTree = "<group>";
		};
		ECE342461CE97EAF00487268 /* Header */ = {
			isa = PBXGroup;
			children = (
				ECE342471CE97EAF00487268 /* MJRefreshGifHeader.h */,
				ECE342481CE97EAF00487268 /* MJRefreshGifHeader.m */,
				ECE342491CE97EAF00487268 /* MJRefreshNormalHeader.h */,
				ECE3424A1CE97EAF00487268 /* MJRefreshNormalHeader.m */,
				ECE3424B1CE97EAF00487268 /* MJRefreshStateHeader.h */,
				ECE3424C1CE97EAF00487268 /* MJRefreshStateHeader.m */,
			);
			path = Header;
			sourceTree = "<group>";
		};
		ECE342581CE97EAF00487268 /* TableViewDelegate */ = {
			isa = PBXGroup;
			children = (
				ECE342591CE97EAF00487268 /* JYTableViewDelegate.h */,
				ECE3425A1CE97EAF00487268 /* JYTableViewDelegate.m */,
				ECE3425B1CE97EAF00487268 /* UIScrollView+EmptyDataSet.h */,
				ECE3425C1CE97EAF00487268 /* UIScrollView+EmptyDataSet.m */,
				ECE3425D1CE97EAF00487268 /* UITableView+FDTemplateLayoutCell.h */,
				ECE3425E1CE97EAF00487268 /* UITableView+FDTemplateLayoutCell.m */,
			);
			path = TableViewDelegate;
			sourceTree = "<group>";
		};
/* End PBXGroup section */

/* Begin PBXNativeTarget section */
		ECE3419D1CE9724E00487268 /* JYTableViewController */ = {
			isa = PBXNativeTarget;
			buildConfigurationList = ECE341CB1CE9724E00487268 /* Build configuration list for PBXNativeTarget "JYTableViewController" */;
			buildPhases = (
				ECE3419A1CE9724E00487268 /* Sources */,
				ECE3419B1CE9724E00487268 /* Frameworks */,
				ECE3419C1CE9724E00487268 /* Resources */,
			);
			buildRules = (
			);
			dependencies = (
			);
			name = JYTableViewController;
			productName = JYTableViewController;
			productReference = ECE3419E1CE9724E00487268 /* JYTableViewController.app */;
			productType = "com.apple.product-type.application";
		};
		ECE341B61CE9724E00487268 /* JYTableViewControllerTests */ = {
			isa = PBXNativeTarget;
			buildConfigurationList = ECE341CE1CE9724E00487268 /* Build configuration list for PBXNativeTarget "JYTableViewControllerTests" */;
			buildPhases = (
				ECE341B31CE9724E00487268 /* Sources */,
				ECE341B41CE9724E00487268 /* Frameworks */,
				ECE341B51CE9724E00487268 /* Resources */,
			);
			buildRules = (
			);
			dependencies = (
				ECE341B91CE9724E00487268 /* PBXTargetDependency */,
			);
			name = JYTableViewControllerTests;
			productName = JYTableViewControllerTests;
			productReference = ECE341B71CE9724E00487268 /* JYTableViewControllerTests.xctest */;
			productType = "com.apple.product-type.bundle.unit-test";
		};
		ECE341C11CE9724E00487268 /* JYTableViewControllerUITests */ = {
			isa = PBXNativeTarget;
			buildConfigurationList = ECE341D11CE9724E00487268 /* Build configuration list for PBXNativeTarget "JYTableViewControllerUITests" */;
			buildPhases = (
				ECE341BE1CE9724E00487268 /* Sources */,
				ECE341BF1CE9724E00487268 /* Frameworks */,
				ECE341C01CE9724E00487268 /* Resources */,
			);
			buildRules = (
			);
			dependencies = (
				ECE341C41CE9724E00487268 /* PBXTargetDependency */,
			);
			name = JYTableViewControllerUITests;
			productName = JYTableViewControllerUITests;
			productReference = ECE341C21CE9724E00487268 /* JYTableViewControllerUITests.xctest */;
			productType = "com.apple.product-type.bundle.ui-testing";
		};
/* End PBXNativeTarget section */

/* Begin PBXProject section */
		ECE341961CE9724E00487268 /* Project object */ = {
			isa = PBXProject;
			attributes = {
				LastUpgradeCheck = 0730;
				ORGANIZATIONNAME = JY;
				TargetAttributes = {
					ECE3419D1CE9724E00487268 = {
						CreatedOnToolsVersion = 7.3;
					};
					ECE341B61CE9724E00487268 = {
						CreatedOnToolsVersion = 7.3;
						TestTargetID = ECE3419D1CE9724E00487268;
					};
					ECE341C11CE9724E00487268 = {
						CreatedOnToolsVersion = 7.3;
						TestTargetID = ECE3419D1CE9724E00487268;
					};
				};
			};
			buildConfigurationList = ECE341991CE9724E00487268 /* Build configuration list for PBXProject "JYTableViewController" */;
			compatibilityVersion = "Xcode 3.2";
			developmentRegion = English;
			hasScannedForEncodings = 0;
			knownRegions = (
				en,
				Base,
			);
			mainGroup = ECE341951CE9724E00487268;
			productRefGroup = ECE3419F1CE9724E00487268 /* Products */;
			projectDirPath = "";
			projectRoot = "";
			targets = (
				ECE3419D1CE9724E00487268 /* JYTableViewController */,
				ECE341B61CE9724E00487268 /* JYTableViewControllerTests */,
				ECE341C11CE9724E00487268 /* JYTableViewControllerUITests */,
			);
		};
/* End PBXProject section */

/* Begin PBXResourcesBuildPhase section */
		ECE3419C1CE9724E00487268 /* Resources */ = {
			isa = PBXResourcesBuildPhase;
			buildActionMask = 2147483647;
			files = (
				ECE341B11CE9724E00487268 /* LaunchScreen.storyboard in Resources */,
				ECE341AE1CE9724E00487268 /* Assets.xcassets in Resources */,
				ECE3425F1CE97EAF00487268 /* LICENSE in Resources */,
				ECE3426E1CE97EAF00487268 /* MJRefresh.bundle in Resources */,
				ECE341AC1CE9724E00487268 /* Main.storyboard in Resources */,
			);
			runOnlyForDeploymentPostprocessing = 0;
		};
		ECE341B51CE9724E00487268 /* Resources */ = {
			isa = PBXResourcesBuildPhase;
			buildActionMask = 2147483647;
			files = (
			);
			runOnlyForDeploymentPostprocessing = 0;
		};
		ECE341C01CE9724E00487268 /* Resources */ = {
			isa = PBXResourcesBuildPhase;
			buildActionMask = 2147483647;
			files = (
			);
			runOnlyForDeploymentPostprocessing = 0;
		};
/* End PBXResourcesBuildPhase section */

/* Begin PBXSourcesBuildPhase section */
		ECE3419A1CE9724E00487268 /* Sources */ = {
			isa = PBXSourcesBuildPhase;
			buildActionMask = 2147483647;
			files = (
				ECE341A91CE9724E00487268 /* ViewController.m in Sources */,
				ECE342791CE97EC900487268 /* JYBaseTableViewController.m in Sources */,
				ECE342661CE97EAF00487268 /* MJRefreshAutoNormalFooter.m in Sources */,
				ECE342651CE97EAF00487268 /* MJRefreshAutoGifFooter.m in Sources */,
				ECE3426B1CE97EAF00487268 /* MJRefreshGifHeader.m in Sources */,
				ECE341A61CE9724E00487268 /* AppDelegate.m in Sources */,
				ECE342621CE97EAF00487268 /* MJRefreshComponent.m in Sources */,
				ECE342641CE97EAF00487268 /* MJRefreshHeader.m in Sources */,
				ECE3426A1CE97EAF00487268 /* MJRefreshBackStateFooter.m in Sources */,
				ECE342711CE97EAF00487268 /* UIScrollView+MJRefresh.m in Sources */,
				ECE342701CE97EAF00487268 /* UIScrollView+MJExtension.m in Sources */,
				ECE342721CE97EAF00487268 /* UIView+MJExtension.m in Sources */,
				ECE342601CE97EAF00487268 /* MJRefreshAutoFooter.m in Sources */,
				ECE342681CE97EAF00487268 /* MJRefreshBackGifFooter.m in Sources */,
				ECE3426C1CE97EAF00487268 /* MJRefreshNormalHeader.m in Sources */,
				ECE342761CE97EAF00487268 /* UITableView+FDTemplateLayoutCell.m in Sources */,
				ECE342671CE97EAF00487268 /* MJRefreshAutoStateFooter.m in Sources */,
				ECE342611CE97EAF00487268 /* MJRefreshBackFooter.m in Sources */,
				ECE341A31CE9724E00487268 /* main.m in Sources */,
				ECE342741CE97EAF00487268 /* JYTableViewDelegate.m in Sources */,
				ECE3426F1CE97EAF00487268 /* MJRefreshConst.m in Sources */,
				ECE342691CE97EAF00487268 /* MJRefreshBackNormalFooter.m in Sources */,
				ECE3426D1CE97EAF00487268 /* MJRefreshStateHeader.m in Sources */,
				ECE342731CE97EAF00487268 /* README.md in Sources */,
				ECE342751CE97EAF00487268 /* UIScrollView+EmptyDataSet.m in Sources */,
				ECE342631CE97EAF00487268 /* MJRefreshFooter.m in Sources */,
			);
			runOnlyForDeploymentPostprocessing = 0;
		};
		ECE341B31CE9724E00487268 /* Sources */ = {
			isa = PBXSourcesBuildPhase;
			buildActionMask = 2147483647;
			files = (
				ECE341BC1CE9724E00487268 /* JYTableViewControllerTests.m in Sources */,
			);
			runOnlyForDeploymentPostprocessing = 0;
		};
		ECE341BE1CE9724E00487268 /* Sources */ = {
			isa = PBXSourcesBuildPhase;
			buildActionMask = 2147483647;
			files = (
				ECE341C71CE9724E00487268 /* JYTableViewControllerUITests.m in Sources */,
			);
			runOnlyForDeploymentPostprocessing = 0;
		};
/* End PBXSourcesBuildPhase section */

/* Begin PBXTargetDependency section */
		ECE341B91CE9724E00487268 /* PBXTargetDependency */ = {
			isa = PBXTargetDependency;
			target = ECE3419D1CE9724E00487268 /* JYTableViewController */;
			targetProxy = ECE341B81CE9724E00487268 /* PBXContainerItemProxy */;
		};
		ECE341C41CE9724E00487268 /* PBXTargetDependency */ = {
			isa = PBXTargetDependency;
			target = ECE3419D1CE9724E00487268 /* JYTableViewController */;
			targetProxy = ECE341C31CE9724E00487268 /* PBXContainerItemProxy */;
		};
/* End PBXTargetDependency section */

/* Begin PBXVariantGroup section */
		ECE341AA1CE9724E00487268 /* Main.storyboard */ = {
			isa = PBXVariantGroup;
			children = (
				ECE341AB1CE9724E00487268 /* Base */,
			);
			name = Main.storyboard;
			sourceTree = "<group>";
		};
		ECE341AF1CE9724E00487268 /* LaunchScreen.storyboard */ = {
			isa = PBXVariantGroup;
			children = (
				ECE341B01CE9724E00487268 /* Base */,
			);
			name = LaunchScreen.storyboard;
			sourceTree = "<group>";
		};
/* End PBXVariantGroup section */

/* Begin XCBuildConfiguration section */
		ECE341C91CE9724E00487268 /* Debug */ = {
			isa = XCBuildConfiguration;
			buildSettings = {
				ALWAYS_SEARCH_USER_PATHS = NO;
				CLANG_ANALYZER_NONNULL = YES;
				CLANG_CXX_LANGUAGE_STANDARD = "gnu++0x";
				CLANG_CXX_LIBRARY = "libc++";
				CLANG_ENABLE_MODULES = YES;
				CLANG_ENABLE_OBJC_ARC = YES;
				CLANG_WARN_BOOL_CONVERSION = YES;
				CLANG_WARN_CONSTANT_CONVERSION = YES;
				CLANG_WARN_DIRECT_OBJC_ISA_USAGE = YES_ERROR;
				CLANG_WARN_EMPTY_BODY = YES;
				CLANG_WARN_ENUM_CONVERSION = YES;
				CLANG_WARN_INT_CONVERSION = YES;
				CLANG_WARN_OBJC_ROOT_CLASS = YES_ERROR;
				CLANG_WARN_UNREACHABLE_CODE = YES;
				CLANG_WARN__DUPLICATE_METHOD_MATCH = YES;
				"CODE_SIGN_IDENTITY[sdk=iphoneos*]" = "iPhone Developer";
				COPY_PHASE_STRIP = NO;
				DEBUG_INFORMATION_FORMAT = dwarf;
				ENABLE_STRICT_OBJC_MSGSEND = YES;
				ENABLE_TESTABILITY = YES;
				GCC_C_LANGUAGE_STANDARD = gnu99;
				GCC_DYNAMIC_NO_PIC = NO;
				GCC_NO_COMMON_BLOCKS = YES;
				GCC_OPTIMIZATION_LEVEL = 0;
				GCC_PREPROCESSOR_DEFINITIONS = (
					"DEBUG=1",
					"$(inherited)",
				);
				GCC_WARN_64_TO_32_BIT_CONVERSION = YES;
				GCC_WARN_ABOUT_RETURN_TYPE = YES_ERROR;
				GCC_WARN_UNDECLARED_SELECTOR = YES;
				GCC_WARN_UNINITIALIZED_AUTOS = YES_AGGRESSIVE;
				GCC_WARN_UNUSED_FUNCTION = YES;
				GCC_WARN_UNUSED_VARIABLE = YES;
				IPHONEOS_DEPLOYMENT_TARGET = 9.3;
				MTL_ENABLE_DEBUG_INFO = YES;
				ONLY_ACTIVE_ARCH = YES;
				SDKROOT = iphoneos;
				TARGETED_DEVICE_FAMILY = "1,2";
			};
			name = Debug;
		};
		ECE341CA1CE9724E00487268 /* Release */ = {
			isa = XCBuildConfiguration;
			buildSettings = {
				ALWAYS_SEARCH_USER_PATHS = NO;
				CLANG_ANALYZER_NONNULL = YES;
				CLANG_CXX_LANGUAGE_STANDARD = "gnu++0x";
				CLANG_CXX_LIBRARY = "libc++";
				CLANG_ENABLE_MODULES = YES;
				CLANG_ENABLE_OBJC_ARC = YES;
				CLANG_WARN_BOOL_CONVERSION = YES;
				CLANG_WARN_CONSTANT_CONVERSION = YES;
				CLANG_WARN_DIRECT_OBJC_ISA_USAGE = YES_ERROR;
				CLANG_WARN_EMPTY_BODY = YES;
				CLANG_WARN_ENUM_CONVERSION = YES;
				CLANG_WARN_INT_CONVERSION = YES;
				CLANG_WARN_OBJC_ROOT_CLASS = YES_ERROR;
				CLANG_WARN_UNREACHABLE_CODE = YES;
				CLANG_WARN__DUPLICATE_METHOD_MATCH = YES;
				"CODE_SIGN_IDENTITY[sdk=iphoneos*]" = "iPhone Developer";
				COPY_PHASE_STRIP = NO;
				DEBUG_INFORMATION_FORMAT = "dwarf-with-dsym";
				ENABLE_NS_ASSERTIONS = NO;
				ENABLE_STRICT_OBJC_MSGSEND = YES;
				GCC_C_LANGUAGE_STANDARD = gnu99;
				GCC_NO_COMMON_BLOCKS = YES;
				GCC_WARN_64_TO_32_BIT_CONVERSION = YES;
				GCC_WARN_ABOUT_RETURN_TYPE = YES_ERROR;
				GCC_WARN_UNDECLARED_SELECTOR = YES;
				GCC_WARN_UNINITIALIZED_AUTOS = YES_AGGRESSIVE;
				GCC_WARN_UNUSED_FUNCTION = YES;
				GCC_WARN_UNUSED_VARIABLE = YES;
				IPHONEOS_DEPLOYMENT_TARGET = 9.3;
				MTL_ENABLE_DEBUG_INFO = NO;
				SDKROOT = iphoneos;
				TARGETED_DEVICE_FAMILY = "1,2";
				VALIDATE_PRODUCT = YES;
			};
			name = Release;
		};
		ECE341CC1CE9724E00487268 /* Debug */ = {
			isa = XCBuildConfiguration;
			buildSettings = {
				ASSETCATALOG_COMPILER_APPICON_NAME = AppIcon;
				INFOPLIST_FILE = JYTableViewController/Info.plist;
				LD_RUNPATH_SEARCH_PATHS = "$(inherited) @executable_path/Frameworks";
				PRODUCT_BUNDLE_IDENTIFIER = "com.cosmolove.love-ios.JYTableViewController";
				PRODUCT_NAME = "$(TARGET_NAME)";
			};
			name = Debug;
		};
		ECE341CD1CE9724E00487268 /* Release */ = {
			isa = XCBuildConfiguration;
			buildSettings = {
				ASSETCATALOG_COMPILER_APPICON_NAME = AppIcon;
				INFOPLIST_FILE = JYTableViewController/Info.plist;
				LD_RUNPATH_SEARCH_PATHS = "$(inherited) @executable_path/Frameworks";
				PRODUCT_BUNDLE_IDENTIFIER = "com.cosmolove.love-ios.JYTableViewController";
				PRODUCT_NAME = "$(TARGET_NAME)";
			};
			name = Release;
		};
		ECE341CF1CE9724E00487268 /* Debug */ = {
			isa = XCBuildConfiguration;
			buildSettings = {
				BUNDLE_LOADER = "$(TEST_HOST)";
				INFOPLIST_FILE = JYTableViewControllerTests/Info.plist;
				LD_RUNPATH_SEARCH_PATHS = "$(inherited) @executable_path/Frameworks @loader_path/Frameworks";
				PRODUCT_BUNDLE_IDENTIFIER = "com.cosmolove.love-ios.JYTableViewControllerTests";
				PRODUCT_NAME = "$(TARGET_NAME)";
				TEST_HOST = "$(BUILT_PRODUCTS_DIR)/JYTableViewController.app/JYTableViewController";
			};
			name = Debug;
		};
		ECE341D01CE9724E00487268 /* Release */ = {
			isa = XCBuildConfiguration;
			buildSettings = {
				BUNDLE_LOADER = "$(TEST_HOST)";
				INFOPLIST_FILE = JYTableViewControllerTests/Info.plist;
				LD_RUNPATH_SEARCH_PATHS = "$(inherited) @executable_path/Frameworks @loader_path/Frameworks";
				PRODUCT_BUNDLE_IDENTIFIER = "com.cosmolove.love-ios.JYTableViewControllerTests";
				PRODUCT_NAME = "$(TARGET_NAME)";
				TEST_HOST = "$(BUILT_PRODUCTS_DIR)/JYTableViewController.app/JYTableViewController";
			};
			name = Release;
		};
		ECE341D21CE9724E00487268 /* Debug */ = {
			isa = XCBuildConfiguration;
			buildSettings = {
				INFOPLIST_FILE = JYTableViewControllerUITests/Info.plist;
				LD_RUNPATH_SEARCH_PATHS = "$(inherited) @executable_path/Frameworks @loader_path/Frameworks";
				PRODUCT_BUNDLE_IDENTIFIER = "com.cosmolove.love-ios.JYTableViewControllerUITests";
				PRODUCT_NAME = "$(TARGET_NAME)";
				TEST_TARGET_NAME = JYTableViewController;
			};
			name = Debug;
		};
		ECE341D31CE9724E00487268 /* Release */ = {
			isa = XCBuildConfiguration;
			buildSettings = {
				INFOPLIST_FILE = JYTableViewControllerUITests/Info.plist;
				LD_RUNPATH_SEARCH_PATHS = "$(inherited) @executable_path/Frameworks @loader_path/Frameworks";
				PRODUCT_BUNDLE_IDENTIFIER = "com.cosmolove.love-ios.JYTableViewControllerUITests";
				PRODUCT_NAME = "$(TARGET_NAME)";
				TEST_TARGET_NAME = JYTableViewController;
			};
			name = Release;
		};
/* End XCBuildConfiguration section */

/* Begin XCConfigurationList section */
		ECE341991CE9724E00487268 /* Build configuration list for PBXProject "JYTableViewController" */ = {
			isa = XCConfigurationList;
			buildConfigurations = (
				ECE341C91CE9724E00487268 /* Debug */,
				ECE341CA1CE9724E00487268 /* Release */,
			);
			defaultConfigurationIsVisible = 0;
			defaultConfigurationName = Release;
		};
		ECE341CB1CE9724E00487268 /* Build configuration list for PBXNativeTarget "JYTableViewController" */ = {
			isa = XCConfigurationList;
			buildConfigurations = (
				ECE341CC1CE9724E00487268 /* Debug */,
				ECE341CD1CE9724E00487268 /* Release */,
			);
			defaultConfigurationIsVisible = 0;
		};
		ECE341CE1CE9724E00487268 /* Build configuration list for PBXNativeTarget "JYTableViewControllerTests" */ = {
			isa = XCConfigurationList;
			buildConfigurations = (
				ECE341CF1CE9724E00487268 /* Debug */,
				ECE341D01CE9724E00487268 /* Release */,
			);
			defaultConfigurationIsVisible = 0;
		};
		ECE341D11CE9724E00487268 /* Build configuration list for PBXNativeTarget "JYTableViewControllerUITests" */ = {
			isa = XCConfigurationList;
			buildConfigurations = (
				ECE341D21CE9724E00487268 /* Debug */,
				ECE341D31CE9724E00487268 /* Release */,
			);
			defaultConfigurationIsVisible = 0;
		};
/* End XCConfigurationList section */
	};
	rootObject = ECE341961CE9724E00487268 /* Project object */;
}
